
Microsoft Visual Studio Solution File, Format Version 12.00
# Visual Studio Version 16
VisualStudioVersion = 16.0.30717.126
MinimumVisualStudioVersion = 10.0.40219.1
Project("{9A19103F-16F7-4668-BE54-9A1E7A4F7556}") = "RazorPagesApp", "RazorPagesApp\RazorPagesApp.csproj", "{2D36D0D1-E0B4-4EE4-B24B-615880C7F8C5}"
EndProject
Project("{9A19103F-16F7-4668-BE54-9A1E7A4F7556}") = "RazorPagesTutorial.Model", "RazorPagesTutorial.Model\RazorPagesTutorial.Model.csproj", "{CAB96F1C-F6F5-4057-A7A4-FEBE19F7A029}"
EndProject
Project("{9A19103F-16F7-4668-BE54-9A1E7A4F7556}") = "RazorPagesTutorial.Services", "RazorPagesTutorial.Services\RazorPagesTutorial.Services.csproj", "{5E29E7A3-F6F6-4C65-BED7-EE505FAA57FB}"
EndProject
Global
	GlobalSection(SolutionConfigurationPlatforms) = preSolution
		Debug|Any CPU = Debug|Any CPU
		Release|Any CPU = Release|Any CPU
	EndGlobalSection
	GlobalSection(ProjectConfigurationPlatforms) = postSolution
		{2D36D0D1-E0B4-4EE4-B24B-615880C7F8C5}.Debug|Any CPU.ActiveCfg = Debug|Any CPU
		{2D36D0D1-E0B4-4EE4-B24B-615880C7F8C5}.Debug|Any CPU.Build.0 = Debug|Any CPU
		{2D36D0D1-E0B4-4EE4-B24B-615880C7F8C5}.Release|Any CPU.ActiveCfg = Release|Any CPU
		{2D36D0D1-E0B4-4EE4-B24B-615880C7F8C5}.Release|Any CPU.Build.0 = Release|Any CPU
		{CAB96F1C-F6F5-4057-A7A4-FEBE19F7A029}.Debug|Any CPU.ActiveCfg = Debug|Any CPU
		{CAB96F1C-F6F5-4057-A7A4-FEBE19F7A029}.Debug|Any CPU.Build.0 = Debug|Any CPU
		{CAB96F1C-F6F5-4057-A7A4-FEBE19F7A029}.Release|Any CPU.ActiveCfg = Release|Any CPU
		{CAB96F1C-F6F5-4057-A7A4-FEBE19F7A029}.Release|Any CPU.Build.0 = Release|Any CPU
		{5E29E7A3-F6F6-4C65-BED7-EE505FAA57FB}.Debug|Any CPU.ActiveCfg = Debug|Any CPU
		{5E29E7A3-F6F6-4C65-BED7-EE505FAA57FB}.Debug|Any CPU.Build.0 = Debug|Any CPU
		{5E29E7A3-F6F6-4C65-BED7-EE505FAA57FB}.Release|Any CPU.ActiveCfg = Release|Any CPU
		{5E29E7A3-F6F6-4C65-BED7-EE505FAA57FB}.Release|Any CPU.Build.0 = Release|Any CPU
	EndGlobalSection
	GlobalSection(SolutionProperties) = preSolution
		HideSolutionNode = FALSE
	EndGlobalSection
	GlobalSection(ExtensibilityGlobals) = postSolution
		SolutionGuid = {F0F66D71-FA4A-4F53-BE52-6AF0FA79C793}
	EndGlobalSection
EndGlobal
